
Microsoft Visual Studio Solution File, Format Version 12.00
# Visual Studio Version 18
VisualStudioVersion = 18.6.11828.311 oobstable
MinimumVisualStudioVersion = 10.0.40219.1
Project("{9A19103F-16F7-4668-BE54-9A1E7A4F7556}") = "SoR", "SoR.csproj", "{1D717FBF-9F2F-48FB-835B-86615A408AD3}"
EndProject
Project("{FAE04EC0-301F-11D3-BF4B-00C04F79EFBC}") = "spine-monogame", "..\spine-runtimes-4.3\spine-runtimes-4.3\spine-monogame\spine-monogame\spine-monogame.csproj", "{75F6A717-F69D-313A-391E-88E83B37E8CE}"
EndProject
Global
	GlobalSection(SolutionConfigurationPlatforms) = preSolution
		Debug|Any CPU = Debug|Any CPU
		Release|Any CPU = Release|Any CPU
	EndGlobalSection
	GlobalSection(ProjectConfigurationPlatforms) = postSolution
		{1D717FBF-9F2F-48FB-835B-86615A408AD3}.Debug|Any CPU.ActiveCfg = Debug|Any CPU
		{1D717FBF-9F2F-48FB-835B-86615A408AD3}.Debug|Any CPU.Build.0 = Debug|Any CPU
		{1D717FBF-9F2F-48FB-835B-86615A408AD3}.Release|Any CPU.ActiveCfg = Release|Any CPU
		{1D717FBF-9F2F-48FB-835B-86615A408AD3}.Release|Any CPU.Build.0 = Release|Any CPU
		{75F6A717-F69D-313A-391E-88E83B37E8CE}.Debug|Any CPU.ActiveCfg = Debug|Any CPU
		{75F6A717-F69D-313A-391E-88E83B37E8CE}.Debug|Any CPU.Build.0 = Debug|Any CPU
		{75F6A717-F69D-313A-391E-88E83B37E8CE}.Release|Any CPU.ActiveCfg = Release|Any CPU
		{75F6A717-F69D-313A-391E-88E83B37E8CE}.Release|Any CPU.Build.0 = Release|Any CPU
	EndGlobalSection
	GlobalSection(SolutionProperties) = preSolution
		HideSolutionNode = FALSE
	EndGlobalSection
	GlobalSection(ExtensibilityGlobals) = postSolution
		SolutionGuid = {A3CFA6BB-3139-497F-BF2C-6DF7BBEECBE5}
	EndGlobalSection
EndGlobal
